
Microsoft Visual Studio Solution File, Format Version 12.00
# Visual Studio Version 17
VisualStudioVersion = 17.11.35312.102
MinimumVisualStudioVersion = 10.0.40219.1
Project("{2150E333-8FDC-42A3-9474-1A3956D46DE8}") = "Day 1", "Day 1", "{EA1E4335-59B9-4BD2-B512-8A7D7C4F51F7}"
EndProject
Project("{2150E333-8FDC-42A3-9474-1A3956D46DE8}") = "Day 2", "Day 2", "{DCAEFFF8-8654-4A1A-B839-AD9E286FCA38}"
EndProject
Project("{2150E333-8FDC-42A3-9474-1A3956D46DE8}") = "Day 3", "Day 3", "{A891395E-1857-41E7-872C-0C978D8DEDB9}"
EndProject
Project("{2150E333-8FDC-42A3-9474-1A3956D46DE8}") = "Day 4", "Day 4", "{5DF89F04-571A-48B5-8692-B82B7EB3A53B}"
EndProject
Project("{FAE04EC0-301F-11D3-BF4B-00C04F79EFBC}") = "program-1", "..\Day-2\CSharpBasics\program-1.csproj", "{C12436D6-FAA9-4D67-B96E-3B262C117F68}"
EndProject
Project("{FAE04EC0-301F-11D3-BF4B-00C04F79EFBC}") = "program-2", "..\Day-2\program-1.2\program-2.csproj", "{36493A75-5264-4CA2-9771-0A9026E5942C}"
EndProject
Project("{FAE04EC0-301F-11D3-BF4B-00C04F79EFBC}") = "program-3", "..\Day-2\program-1.3\program-3.csproj", "{9BBA0FD9-AE23-4D9C-A41A-D3FA83BD326C}"
EndProject
Project("{FAE04EC0-301F-11D3-BF4B-00C04F79EFBC}") = "program-4", "..\Day-2\program-1.4\program-4.csproj", "{D58AFF41-F3D5-4A63-8450-CAEAB34B0AC3}"
EndProject
Project("{FAE04EC0-301F-11D3-BF4B-00C04F79EFBC}") = "Program5", "..\Day-2\Program5\Program5.csproj", "{73584F49-E596-43F3-8C23-897677BF0F5D}"
EndProject
Project("{2150E333-8FDC-42A3-9474-1A3956D46DE8}") = "Assignments", "Assignments", "{2C7ABF25-6548-41F6-BBA4-8E331DFDB9BE}"
EndProject
Project("{FAE04EC0-301F-11D3-BF4B-00C04F79EFBC}") = "A1", "..\Assignments\A1\A1.csproj", "{C76D6686-7834-4416-BC4C-32C5409F0481}"
EndProject
Project("{FAE04EC0-301F-11D3-BF4B-00C04F79EFBC}") = "A2", "..\Assignments\A2\A2.csproj", "{8251B286-EA9E-4B3F-85E4-678AC142909F}"
EndProject
Project("{FAE04EC0-301F-11D3-BF4B-00C04F79EFBC}") = "Program-1", "..\Day-4\Program-1\Program-1.csproj", "{26FC55EB-79C6-4416-A2BD-3A2E9BAA1A54}"
EndProject
Project("{FAE04EC0-301F-11D3-BF4B-00C04F79EFBC}") = "Program-2", "..\Day-4\Program-2\Program-2.csproj", "{7C25034B-DEBF-4712-AEB0-05C9229E5BBE}"
EndProject
Project("{FAE04EC0-301F-11D3-BF4B-00C04F79EFBC}") = "Program-3", "..\Day-4\Program-3\Program-3.csproj", "{760C0556-E217-4443-91CC-35DF24A26E57}"
EndProject
Project("{FAE04EC0-301F-11D3-BF4B-00C04F79EFBC}") = "Program-4", "..\Day-4\Program-4\Program-4.csproj", "{1F09C388-CDDE-490F-94E0-342FEC69F381}"
EndProject
Project("{FAE04EC0-301F-11D3-BF4B-00C04F79EFBC}") = "Program-5", "..\Day-4\Program-5\Program-5.csproj", "{DBF5B0B1-774E-45D0-B987-6089CC1695F1}"
EndProject
Project("{FAE04EC0-301F-11D3-BF4B-00C04F79EFBC}") = "Program-6", "..\Day-4\Program-6\Program-6.csproj", "{E54F532C-5989-4C8B-8020-0E3130E707E4}"
EndProject
Project("{FAE04EC0-301F-11D3-BF4B-00C04F79EFBC}") = "Program-1.Array", "..\Day-3\Program-1.Array\Program-1.Array.csproj", "{DDE9233B-C29C-4609-B1B6-61555778AF21}"
EndProject
Project("{FAE04EC0-301F-11D3-BF4B-00C04F79EFBC}") = "Program-2.StringAndNullableArray", "..\Day-3\Program-2.StringAndNullableArray\Program-2.StringAndNullableArray.csproj", "{70E3D9F2-579F-4CB0-BC39-2E0387746C95}"
EndProject
Project("{FAE04EC0-301F-11D3-BF4B-00C04F79EFBC}") = "Program-3.ArrayResizing", "..\Day-3\Program-3.ArrayResizing\Program-3.ArrayResizing.csproj", "{2F406587-AD46-468B-ABAF-9ECD7E89DE38}"
EndProject
Project("{FAE04EC0-301F-11D3-BF4B-00C04F79EFBC}") = "Program-4.SwitchCase", "..\Day-3\Program-4.SwitchCase\Program-4.SwitchCase.csproj", "{971E7EB5-FDA3-4C00-BF90-6193576F8554}"
EndProject
Project("{FAE04EC0-301F-11D3-BF4B-00C04F79EFBC}") = "Program-5.StringFunctions", "..\Day-3\Program-5.StringFunctions\Program-5.StringFunctions.csproj", "{8C8D4DC1-0866-4D66-B7FC-B26B0A4ABBD8}"
EndProject
Project("{FAE04EC0-301F-11D3-BF4B-00C04F79EFBC}") = "Program-6.ArraySumEvenNum", "..\Day-3\Program-6.ArraySumEvenNum\Program-6.ArraySumEvenNum.csproj", "{9B5101A3-3783-4371-B40B-7B39410D370D}"
EndProject
Project("{FAE04EC0-301F-11D3-BF4B-00C04F79EFBC}") = "Program-7.ArrayReverse", "..\Day-3\Program-7.ArrayReverse\Program-7.ArrayReverse.csproj", "{9F170005-C5F8-4825-A22C-9D50E1D47255}"
EndProject
Project("{FAE04EC0-301F-11D3-BF4B-00C04F79EFBC}") = "Program-8.ArraySort", "..\Day-3\Program-8.ArraySort\Program-8.ArraySort.csproj", "{E8C8886A-F4FD-4979-A22F-544B6D6CE454}"
EndProject
Project("{FAE04EC0-301F-11D3-BF4B-00C04F79EFBC}") = "Program-7.OccuranceCount", "..\Day-4\Program-7.OccuranceCount\Program-7.OccuranceCount.csproj", "{83A8B451-AFF3-4021-846A-0779D6608087}"
EndProject
Project("{FAE04EC0-301F-11D3-BF4B-00C04F79EFBC}") = "Program-8.Palindrome", "..\Day-4\Program-8.Palindrome\Program-8.Palindrome.csproj", "{844BD541-44A9-44D7-BDF8-F4B136A10B85}"
EndProject
Project("{FAE04EC0-301F-11D3-BF4B-00C04F79EFBC}") = "Program-9", "..\Day-4\Program-9\Program-9.csproj", "{47D30D16-D833-4EF4-B494-0AA98BCF5AC6}"
EndProject
Project("{FAE04EC0-301F-11D3-BF4B-00C04F79EFBC}") = "Program-Functions", "..\Day-4\Program-Functions\Program-Functions.csproj", "{E6B17D24-FD10-4BC0-B46D-470053720C7E}"
EndProject
Project("{FAE04EC0-301F-11D3-BF4B-00C04F79EFBC}") = "Program-StringOperations", "..\Day-4\Program-StringOperations\Program-StringOperations.csproj", "{1D53BEE9-3291-4724-82A5-7BD24BC7B297}"
EndProject
Project("{2150E333-8FDC-42A3-9474-1A3956D46DE8}") = "Day 5", "Day 5", "{9153521D-D1DA-4EF8-BD8D-CCFBAD8426DC}"
EndProject
Project("{FAE04EC0-301F-11D3-BF4B-00C04F79EFBC}") = "Program-1-DateTime", "..\Day 5\Program-1-DateTime\Program-1-DateTime.csproj", "{429FE62C-8F1F-404E-8437-3063175CAD95}"
EndProject
Project("{FAE04EC0-301F-11D3-BF4B-00C04F79EFBC}") = "Program-2-dobAge", "..\Day 5\Program-2-dobAge\Program-2-dobAge.csproj", "{DFB166D2-AC37-4B39-9BE8-4A9922DC2609}"
EndProject
Project("{FAE04EC0-301F-11D3-BF4B-00C04F79EFBC}") = "Program-4-List", "..\Day 5\Program-3-List\Program-4-List.csproj", "{28029CF2-83F2-4BC2-91FF-8F18F5DB1331}"
EndProject
Project("{FAE04EC0-301F-11D3-BF4B-00C04F79EFBC}") = "Program-4.1-list", "..\Day 5\Program-4.1-list\Program-4.1-list.csproj", "{7B2516C6-DBE8-4FFE-BE81-842E1ED4D840}"
EndProject
Project("{FAE04EC0-301F-11D3-BF4B-00C04F79EFBC}") = "Program-4.2-ListOfList", "..\Day 5\Program-4.2-list\Program-4.2-ListOfList.csproj", "{40A0EA9B-1F44-4E46-8766-6F9DB9F104AB}"
EndProject
Project("{FAE04EC0-301F-11D3-BF4B-00C04F79EFBC}") = "Program-4.3-Arraylist", "..\Day 5\Program-4.3-list\Program-4.3-Arraylist.csproj", "{DE8DB71E-624D-4055-B25A-0C1ED3956596}"
EndProject
Project("{FAE04EC0-301F-11D3-BF4B-00C04F79EFBC}") = "Program-5-Dictionary", "..\Day 5\Program-5-Dictionary\Program-5-Dictionary.csproj", "{6D39ACD8-D741-4471-BFF0-9B7EE2C7143E}"
EndProject
Global
	GlobalSection(SolutionConfigurationPlatforms) = preSolution
		Debug|Any CPU = Debug|Any CPU
		Release|Any CPU = Release|Any CPU
	EndGlobalSection
	GlobalSection(ProjectConfigurationPlatforms) = postSolution
		{C12436D6-FAA9-4D67-B96E-3B262C117F68}.Debug|Any CPU.ActiveCfg = Debug|Any CPU
		{C12436D6-FAA9-4D67-B96E-3B262C117F68}.Debug|Any CPU.Build.0 = Debug|Any CPU
		{C12436D6-FAA9-4D67-B96E-3B262C117F68}.Release|Any CPU.ActiveCfg = Release|Any CPU
		{C12436D6-FAA9-4D67-B96E-3B262C117F68}.Release|Any CPU.Build.0 = Release|Any CPU
		{36493A75-5264-4CA2-9771-0A9026E5942C}.Debug|Any CPU.ActiveCfg = Debug|Any CPU
		{36493A75-5264-4CA2-9771-0A9026E5942C}.Debug|Any CPU.Build.0 = Debug|Any CPU
		{36493A75-5264-4CA2-9771-0A9026E5942C}.Release|Any CPU.ActiveCfg = Release|Any CPU
		{36493A75-5264-4CA2-9771-0A9026E5942C}.Release|Any CPU.Build.0 = Release|Any CPU
		{9BBA0FD9-AE23-4D9C-A41A-D3FA83BD326C}.Debug|Any CPU.ActiveCfg = Debug|Any CPU
		{9BBA0FD9-AE23-4D9C-A41A-D3FA83BD326C}.Debug|Any CPU.Build.0 = Debug|Any CPU
		{9BBA0FD9-AE23-4D9C-A41A-D3FA83BD326C}.Release|Any CPU.ActiveCfg = Release|Any CPU
		{9BBA0FD9-AE23-4D9C-A41A-D3FA83BD326C}.Release|Any CPU.Build.0 = Release|Any CPU
		{D58AFF41-F3D5-4A63-8450-CAEAB34B0AC3}.Debug|Any CPU.ActiveCfg = Debug|Any CPU
		{D58AFF41-F3D5-4A63-8450-CAEAB34B0AC3}.Debug|Any CPU.Build.0 = Debug|Any CPU
		{D58AFF41-F3D5-4A63-8450-CAEAB34B0AC3}.Release|Any CPU.ActiveCfg = Release|Any CPU
		{D58AFF41-F3D5-4A63-8450-CAEAB34B0AC3}.Release|Any CPU.Build.0 = Release|Any CPU
		{73584F49-E596-43F3-8C23-897677BF0F5D}.Debug|Any CPU.ActiveCfg = Debug|Any CPU
		{73584F49-E596-43F3-8C23-897677BF0F5D}.Debug|Any CPU.Build.0 = Debug|Any CPU
		{73584F49-E596-43F3-8C23-897677BF0F5D}.Release|Any CPU.ActiveCfg = Release|Any CPU
		{73584F49-E596-43F3-8C23-897677BF0F5D}.Release|Any CPU.Build.0 = Release|Any CPU
		{C76D6686-7834-4416-BC4C-32C5409F0481}.Debug|Any CPU.ActiveCfg = Debug|Any CPU
		{C76D6686-7834-4416-BC4C-32C5409F0481}.Debug|Any CPU.Build.0 = Debug|Any CPU
		{C76D6686-7834-4416-BC4C-32C5409F0481}.Release|Any CPU.ActiveCfg = Release|Any CPU
		{C76D6686-7834-4416-BC4C-32C5409F0481}.Release|Any CPU.Build.0 = Release|Any CPU
		{8251B286-EA9E-4B3F-85E4-678AC142909F}.Debug|Any CPU.ActiveCfg = Debug|Any CPU
		{8251B286-EA9E-4B3F-85E4-678AC142909F}.Debug|Any CPU.Build.0 = Debug|Any CPU
		{8251B286-EA9E-4B3F-85E4-678AC142909F}.Release|Any CPU.ActiveCfg = Release|Any CPU
		{8251B286-EA9E-4B3F-85E4-678AC142909F}.Release|Any CPU.Build.0 = Release|Any CPU
		{26FC55EB-79C6-4416-A2BD-3A2E9BAA1A54}.Debug|Any CPU.ActiveCfg = Debug|Any CPU
		{26FC55EB-79C6-4416-A2BD-3A2E9BAA1A54}.Debug|Any CPU.Build.0 = Debug|Any CPU
		{26FC55EB-79C6-4416-A2BD-3A2E9BAA1A54}.Release|Any CPU.ActiveCfg = Release|Any CPU
		{26FC55EB-79C6-4416-A2BD-3A2E9BAA1A54}.Release|Any CPU.Build.0 = Release|Any CPU
		{7C25034B-DEBF-4712-AEB0-05C9229E5BBE}.Debug|Any CPU.ActiveCfg = Debug|Any CPU
		{7C25034B-DEBF-4712-AEB0-05C9229E5BBE}.Debug|Any CPU.Build.0 = Debug|Any CPU
		{7C25034B-DEBF-4712-AEB0-05C9229E5BBE}.Release|Any CPU.ActiveCfg = Release|Any CPU
		{7C25034B-DEBF-4712-AEB0-05C9229E5BBE}.Release|Any CPU.Build.0 = Release|Any CPU
		{760C0556-E217-4443-91CC-35DF24A26E57}.Debug|Any CPU.ActiveCfg = Debug|Any CPU
		{760C0556-E217-4443-91CC-35DF24A26E57}.Debug|Any CPU.Build.0 = Debug|Any CPU
		{760C0556-E217-4443-91CC-35DF24A26E57}.Release|Any CPU.ActiveCfg = Release|Any CPU
		{760C0556-E217-4443-91CC-35DF24A26E57}.Release|Any CPU.Build.0 = Release|Any CPU
		{1F09C388-CDDE-490F-94E0-342FEC69F381}.Debug|Any CPU.ActiveCfg = Debug|Any CPU
		{1F09C388-CDDE-490F-94E0-342FEC69F381}.Debug|Any CPU.Build.0 = Debug|Any CPU
		{1F09C388-CDDE-490F-94E0-342FEC69F381}.Release|Any CPU.ActiveCfg = Release|Any CPU
		{1F09C388-CDDE-490F-94E0-342FEC69F381}.Release|Any CPU.Build.0 = Release|Any CPU
		{DBF5B0B1-774E-45D0-B987-6089CC1695F1}.Debug|Any CPU.ActiveCfg = Debug|Any CPU
		{DBF5B0B1-774E-45D0-B987-6089CC1695F1}.Debug|Any CPU.Build.0 = Debug|Any CPU
		{DBF5B0B1-774E-45D0-B987-6089CC1695F1}.Release|Any CPU.ActiveCfg = Release|Any CPU
		{DBF5B0B1-774E-45D0-B987-6089CC1695F1}.Release|Any CPU.Build.0 = Release|Any CPU
		{E54F532C-5989-4C8B-8020-0E3130E707E4}.Debug|Any CPU.ActiveCfg = Debug|Any CPU
		{E54F532C-5989-4C8B-8020-0E3130E707E4}.Debug|Any CPU.Build.0 = Debug|Any CPU
		{E54F532C-5989-4C8B-8020-0E3130E707E4}.Release|Any CPU.ActiveCfg = Release|Any CPU
		{E54F532C-5989-4C8B-8020-0E3130E707E4}.Release|Any CPU.Build.0 = Release|Any CPU
		{DDE9233B-C29C-4609-B1B6-61555778AF21}.Debug|Any CPU.ActiveCfg = Debug|Any CPU
		{DDE9233B-C29C-4609-B1B6-61555778AF21}.Debug|Any CPU.Build.0 = Debug|Any CPU
		{DDE9233B-C29C-4609-B1B6-61555778AF21}.Release|Any CPU.ActiveCfg = Release|Any CPU
		{DDE9233B-C29C-4609-B1B6-61555778AF21}.Release|Any CPU.Build.0 = Release|Any CPU
		{70E3D9F2-579F-4CB0-BC39-2E0387746C95}.Debug|Any CPU.ActiveCfg = Debug|Any CPU
		{70E3D9F2-579F-4CB0-BC39-2E0387746C95}.Debug|Any CPU.Build.0 = Debug|Any CPU
		{70E3D9F2-579F-4CB0-BC39-2E0387746C95}.Release|Any CPU.ActiveCfg = Release|Any CPU
		{70E3D9F2-579F-4CB0-BC39-2E0387746C95}.Release|Any CPU.Build.0 = Release|Any CPU
		{2F406587-AD46-468B-ABAF-9ECD7E89DE38}.Debug|Any CPU.ActiveCfg = Debug|Any CPU
		{2F406587-AD46-468B-ABAF-9ECD7E89DE38}.Debug|Any CPU.Build.0 = Debug|Any CPU
		{2F406587-AD46-468B-ABAF-9ECD7E89DE38}.Release|Any CPU.ActiveCfg = Release|Any CPU
		{2F406587-AD46-468B-ABAF-9ECD7E89DE38}.Release|Any CPU.Build.0 = Release|Any CPU
		{971E7EB5-FDA3-4C00-BF90-6193576F8554}.Debug|Any CPU.ActiveCfg = Debug|Any CPU
		{971E7EB5-FDA3-4C00-BF90-6193576F8554}.Debug|Any CPU.Build.0 = Debug|Any CPU
		{971E7EB5-FDA3-4C00-BF90-6193576F8554}.Release|Any CPU.ActiveCfg = Release|Any CPU
		{971E7EB5-FDA3-4C00-BF90-6193576F8554}.Release|Any CPU.Build.0 = Release|Any CPU
		{8C8D4DC1-0866-4D66-B7FC-B26B0A4ABBD8}.Debug|Any CPU.ActiveCfg = Debug|Any CPU
		{8C8D4DC1-0866-4D66-B7FC-B26B0A4ABBD8}.Debug|Any CPU.Build.0 = Debug|Any CPU
		{8C8D4DC1-0866-4D66-B7FC-B26B0A4ABBD8}.Release|Any CPU.ActiveCfg = Release|Any CPU
		{8C8D4DC1-0866-4D66-B7FC-B26B0A4ABBD8}.Release|Any CPU.Build.0 = Release|Any CPU
		{9B5101A3-3783-4371-B40B-7B39410D370D}.Debug|Any CPU.ActiveCfg = Debug|Any CPU
		{9B5101A3-3783-4371-B40B-7B39410D370D}.Debug|Any CPU.Build.0 = Debug|Any CPU
		{9B5101A3-3783-4371-B40B-7B39410D370D}.Release|Any CPU.ActiveCfg = Release|Any CPU
		{9B5101A3-3783-4371-B40B-7B39410D370D}.Release|Any CPU.Build.0 = Release|Any CPU
		{9F170005-C5F8-4825-A22C-9D50E1D47255}.Debug|Any CPU.ActiveCfg = Debug|Any CPU
		{9F170005-C5F8-4825-A22C-9D50E1D47255}.Debug|Any CPU.Build.0 = Debug|Any CPU
		{9F170005-C5F8-4825-A22C-9D50E1D47255}.Release|Any CPU.ActiveCfg = Release|Any CPU
		{9F170005-C5F8-4825-A22C-9D50E1D47255}.Release|Any CPU.Build.0 = Release|Any CPU
		{E8C8886A-F4FD-4979-A22F-544B6D6CE454}.Debug|Any CPU.ActiveCfg = Debug|Any CPU
		{E8C8886A-F4FD-4979-A22F-544B6D6CE454}.Debug|Any CPU.Build.0 = Debug|Any CPU
		{E8C8886A-F4FD-4979-A22F-544B6D6CE454}.Release|Any CPU.ActiveCfg = Release|Any CPU
		{E8C8886A-F4FD-4979-A22F-544B6D6CE454}.Release|Any CPU.Build.0 = Release|Any CPU
		{83A8B451-AFF3-4021-846A-0779D6608087}.Debug|Any CPU.ActiveCfg = Debug|Any CPU
		{83A8B451-AFF3-4021-846A-0779D6608087}.Debug|Any CPU.Build.0 = Debug|Any CPU
		{83A8B451-AFF3-4021-846A-0779D6608087}.Release|Any CPU.ActiveCfg = Release|Any CPU
		{83A8B451-AFF3-4021-846A-0779D6608087}.Release|Any CPU.Build.0 = Release|Any CPU
		{844BD541-44A9-44D7-BDF8-F4B136A10B85}.Debug|Any CPU.ActiveCfg = Debug|Any CPU
		{844BD541-44A9-44D7-BDF8-F4B136A10B85}.Debug|Any CPU.Build.0 = Debug|Any CPU
		{844BD541-44A9-44D7-BDF8-F4B136A10B85}.Release|Any CPU.ActiveCfg = Release|Any CPU
		{844BD541-44A9-44D7-BDF8-F4B136A10B85}.Release|Any CPU.Build.0 = Release|Any CPU
		{47D30D16-D833-4EF4-B494-0AA98BCF5AC6}.Debug|Any CPU.ActiveCfg = Debug|Any CPU
		{47D30D16-D833-4EF4-B494-0AA98BCF5AC6}.Debug|Any CPU.Build.0 = Debug|Any CPU
		{47D30D16-D833-4EF4-B494-0AA98BCF5AC6}.Release|Any CPU.ActiveCfg = Release|Any CPU
		{47D30D16-D833-4EF4-B494-0AA98BCF5AC6}.Release|Any CPU.Build.0 = Release|Any CPU
		{E6B17D24-FD10-4BC0-B46D-470053720C7E}.Debug|Any CPU.ActiveCfg = Debug|Any CPU
		{E6B17D24-FD10-4BC0-B46D-470053720C7E}.Debug|Any CPU.Build.0 = Debug|Any CPU
		{E6B17D24-FD10-4BC0-B46D-470053720C7E}.Release|Any CPU.ActiveCfg = Release|Any CPU
		{E6B17D24-FD10-4BC0-B46D-470053720C7E}.Release|Any CPU.Build.0 = Release|Any CPU
		{1D53BEE9-3291-4724-82A5-7BD24BC7B297}.Debug|Any CPU.ActiveCfg = Debug|Any CPU
		{1D53BEE9-3291-4724-82A5-7BD24BC7B297}.Debug|Any CPU.Build.0 = Debug|Any CPU
		{1D53BEE9-3291-4724-82A5-7BD24BC7B297}.Release|Any CPU.ActiveCfg = Release|Any CPU
		{1D53BEE9-3291-4724-82A5-7BD24BC7B297}.Release|Any CPU.Build.0 = Release|Any CPU
		{429FE62C-8F1F-404E-8437-3063175CAD95}.Debug|Any CPU.ActiveCfg = Debug|Any CPU
		{429FE62C-8F1F-404E-8437-3063175CAD95}.Debug|Any CPU.Build.0 = Debug|Any CPU
		{429FE62C-8F1F-404E-8437-3063175CAD95}.Release|Any CPU.ActiveCfg = Release|Any CPU
		{429FE62C-8F1F-404E-8437-3063175CAD95}.Release|Any CPU.Build.0 = Release|Any CPU
		{DFB166D2-AC37-4B39-9BE8-4A9922DC2609}.Debug|Any CPU.ActiveCfg = Debug|Any CPU
		{DFB166D2-AC37-4B39-9BE8-4A9922DC2609}.Debug|Any CPU.Build.0 = Debug|Any CPU
		{DFB166D2-AC37-4B39-9BE8-4A9922DC2609}.Release|Any CPU.ActiveCfg = Release|Any CPU
		{DFB166D2-AC37-4B39-9BE8-4A9922DC2609}.Release|Any CPU.Build.0 = Release|Any CPU
		{28029CF2-83F2-4BC2-91FF-8F18F5DB1331}.Debug|Any CPU.ActiveCfg = Debug|Any CPU
		{28029CF2-83F2-4BC2-91FF-8F18F5DB1331}.Debug|Any CPU.Build.0 = Debug|Any CPU
		{28029CF2-83F2-4BC2-91FF-8F18F5DB1331}.Release|Any CPU.ActiveCfg = Release|Any CPU
		{28029CF2-83F2-4BC2-91FF-8F18F5DB1331}.Release|Any CPU.Build.0 = Release|Any CPU
		{7B2516C6-DBE8-4FFE-BE81-842E1ED4D840}.Debug|Any CPU.ActiveCfg = Debug|Any CPU
		{7B2516C6-DBE8-4FFE-BE81-842E1ED4D840}.Debug|Any CPU.Build.0 = Debug|Any CPU
		{7B2516C6-DBE8-4FFE-BE81-842E1ED4D840}.Release|Any CPU.ActiveCfg = Release|Any CPU
		{7B2516C6-DBE8-4FFE-BE81-842E1ED4D840}.Release|Any CPU.Build.0 = Release|Any CPU
		{40A0EA9B-1F44-4E46-8766-6F9DB9F104AB}.Debug|Any CPU.ActiveCfg = Debug|Any CPU
		{40A0EA9B-1F44-4E46-8766-6F9DB9F104AB}.Debug|Any CPU.Build.0 = Debug|Any CPU
		{40A0EA9B-1F44-4E46-8766-6F9DB9F104AB}.Release|Any CPU.ActiveCfg = Release|Any CPU
		{40A0EA9B-1F44-4E46-8766-6F9DB9F104AB}.Release|Any CPU.Build.0 = Release|Any CPU
		{DE8DB71E-624D-4055-B25A-0C1ED3956596}.Debug|Any CPU.ActiveCfg = Debug|Any CPU
		{DE8DB71E-624D-4055-B25A-0C1ED3956596}.Debug|Any CPU.Build.0 = Debug|Any CPU
		{DE8DB71E-624D-4055-B25A-0C1ED3956596}.Release|Any CPU.ActiveCfg = Release|Any CPU
		{DE8DB71E-624D-4055-B25A-0C1ED3956596}.Release|Any CPU.Build.0 = Release|Any CPU
		{6D39ACD8-D741-4471-BFF0-9B7EE2C7143E}.Debug|Any CPU.ActiveCfg = Debug|Any CPU
		{6D39ACD8-D741-4471-BFF0-9B7EE2C7143E}.Debug|Any CPU.Build.0 = Debug|Any CPU
		{6D39ACD8-D741-4471-BFF0-9B7EE2C7143E}.Release|Any CPU.ActiveCfg = Release|Any CPU
		{6D39ACD8-D741-4471-BFF0-9B7EE2C7143E}.Release|Any CPU.Build.0 = Release|Any CPU
	EndGlobalSection
	GlobalSection(SolutionProperties) = preSolution
		HideSolutionNode = FALSE
	EndGlobalSection
	GlobalSection(NestedProjects) = preSolution
		{C12436D6-FAA9-4D67-B96E-3B262C117F68} = {DCAEFFF8-8654-4A1A-B839-AD9E286FCA38}
		{36493A75-5264-4CA2-9771-0A9026E5942C} = {DCAEFFF8-8654-4A1A-B839-AD9E286FCA38}
		{9BBA0FD9-AE23-4D9C-A41A-D3FA83BD326C} = {DCAEFFF8-8654-4A1A-B839-AD9E286FCA38}
		{D58AFF41-F3D5-4A63-8450-CAEAB34B0AC3} = {DCAEFFF8-8654-4A1A-B839-AD9E286FCA38}
		{73584F49-E596-43F3-8C23-897677BF0F5D} = {DCAEFFF8-8654-4A1A-B839-AD9E286FCA38}
		{C76D6686-7834-4416-BC4C-32C5409F0481} = {2C7ABF25-6548-41F6-BBA4-8E331DFDB9BE}
		{8251B286-EA9E-4B3F-85E4-678AC142909F} = {2C7ABF25-6548-41F6-BBA4-8E331DFDB9BE}
		{26FC55EB-79C6-4416-A2BD-3A2E9BAA1A54} = {5DF89F04-571A-48B5-8692-B82B7EB3A53B}
		{7C25034B-DEBF-4712-AEB0-05C9229E5BBE} = {5DF89F04-571A-48B5-8692-B82B7EB3A53B}
		{760C0556-E217-4443-91CC-35DF24A26E57} = {5DF89F04-571A-48B5-8692-B82B7EB3A53B}
		{1F09C388-CDDE-490F-94E0-342FEC69F381} = {5DF89F04-571A-48B5-8692-B82B7EB3A53B}
		{DBF5B0B1-774E-45D0-B987-6089CC1695F1} = {5DF89F04-571A-48B5-8692-B82B7EB3A53B}
		{E54F532C-5989-4C8B-8020-0E3130E707E4} = {5DF89F04-571A-48B5-8692-B82B7EB3A53B}
		{DDE9233B-C29C-4609-B1B6-61555778AF21} = {A891395E-1857-41E7-872C-0C978D8DEDB9}
		{70E3D9F2-579F-4CB0-BC39-2E0387746C95} = {A891395E-1857-41E7-872C-0C978D8DEDB9}
		{2F406587-AD46-468B-ABAF-9ECD7E89DE38} = {A891395E-1857-41E7-872C-0C978D8DEDB9}
		{971E7EB5-FDA3-4C00-BF90-6193576F8554} = {A891395E-1857-41E7-872C-0C978D8DEDB9}
		{8C8D4DC1-0866-4D66-B7FC-B26B0A4ABBD8} = {A891395E-1857-41E7-872C-0C978D8DEDB9}
		{9B5101A3-3783-4371-B40B-7B39410D370D} = {A891395E-1857-41E7-872C-0C978D8DEDB9}
		{9F170005-C5F8-4825-A22C-9D50E1D47255} = {A891395E-1857-41E7-872C-0C978D8DEDB9}
		{E8C8886A-F4FD-4979-A22F-544B6D6CE454} = {A891395E-1857-41E7-872C-0C978D8DEDB9}
		{83A8B451-AFF3-4021-846A-0779D6608087} = {5DF89F04-571A-48B5-8692-B82B7EB3A53B}
		{844BD541-44A9-44D7-BDF8-F4B136A10B85} = {5DF89F04-571A-48B5-8692-B82B7EB3A53B}
		{47D30D16-D833-4EF4-B494-0AA98BCF5AC6} = {5DF89F04-571A-48B5-8692-B82B7EB3A53B}
		{E6B17D24-FD10-4BC0-B46D-470053720C7E} = {5DF89F04-571A-48B5-8692-B82B7EB3A53B}
		{1D53BEE9-3291-4724-82A5-7BD24BC7B297} = {5DF89F04-571A-48B5-8692-B82B7EB3A53B}
		{429FE62C-8F1F-404E-8437-3063175CAD95} = {9153521D-D1DA-4EF8-BD8D-CCFBAD8426DC}
		{DFB166D2-AC37-4B39-9BE8-4A9922DC2609} = {9153521D-D1DA-4EF8-BD8D-CCFBAD8426DC}
		{28029CF2-83F2-4BC2-91FF-8F18F5DB1331} = {9153521D-D1DA-4EF8-BD8D-CCFBAD8426DC}
		{7B2516C6-DBE8-4FFE-BE81-842E1ED4D840} = {9153521D-D1DA-4EF8-BD8D-CCFBAD8426DC}
		{40A0EA9B-1F44-4E46-8766-6F9DB9F104AB} = {9153521D-D1DA-4EF8-BD8D-CCFBAD8426DC}
		{DE8DB71E-624D-4055-B25A-0C1ED3956596} = {9153521D-D1DA-4EF8-BD8D-CCFBAD8426DC}
		{6D39ACD8-D741-4471-BFF0-9B7EE2C7143E} = {9153521D-D1DA-4EF8-BD8D-CCFBAD8426DC}
	EndGlobalSection
	GlobalSection(ExtensibilityGlobals) = postSolution
		SolutionGuid = {8F094249-8A72-465B-80C8-6649B7F52369}
	EndGlobalSection
EndGlobal
